
Microsoft Visual Studio Solution File, Format Version 12.00
# Visual Studio Version 17
VisualStudioVersion = 17.0.31903.59
MinimumVisualStudioVersion = 10.0.40219.1
Project("{2150E333-8FDC-42A3-9474-1A3956D46DE8}") = "aspire", "aspire", "{64880D93-BAB4-FF83-898C-B934B68C31A9}"
EndProject
Project("{FAE04EC0-301F-11D3-BF4B-00C04F79EFBC}") = "Homunculy.AppHost", "aspire\Homunculy.AppHost\Homunculy.AppHost.csproj", "{F8A2F488-9AFA-4874-9D37-86E8DDFE49A2}"
EndProject
Project("{2150E333-8FDC-42A3-9474-1A3956D46DE8}") = "chat-client", "chat-client", "{0DCBDF00-49A9-67A7-1518-A43841E9A8D7}"
EndProject
Project("{2150E333-8FDC-42A3-9474-1A3956D46DE8}") = "src", "src", "{D8E1E13B-C60D-9639-5FA4-4B309E7CAA45}"
EndProject
Project("{FAE04EC0-301F-11D3-BF4B-00C04F79EFBC}") = "ChatClient.Presentation.Web", "chat-client\src\ChatClient.Presentation.Web\ChatClient.Presentation.Web.csproj", "{6496A562-9ECD-4C97-82A7-4A629F3B5DFC}"
EndProject
Project("{FAE04EC0-301F-11D3-BF4B-00C04F79EFBC}") = "ChatClient.Infrastructure", "chat-client\src\ChatClient.Infrastructure\ChatClient.Infrastructure.csproj", "{3F6EEAB3-724F-46C9-B1BE-D67633D8AEAF}"
EndProject
Project("{FAE04EC0-301F-11D3-BF4B-00C04F79EFBC}") = "ChatClient.Application", "chat-client\src\ChatClient.Application\ChatClient.Application.csproj", "{00E9A8CE-F699-4556-AE54-1C8AEC905A39}"
EndProject
Project("{FAE04EC0-301F-11D3-BF4B-00C04F79EFBC}") = "ChatClient.Domain", "chat-client\src\ChatClient.Domain\ChatClient.Domain.csproj", "{CEC5C33F-74BC-45B0-B7F4-7551B8EC926C}"
EndProject
Project("{FAE04EC0-301F-11D3-BF4B-00C04F79EFBC}") = "ChatClient.Presentation.Shared", "chat-client\src\ChatClient.Presentation.Shared\ChatClient.Presentation.Shared.csproj", "{8889A2AB-2ECD-4611-9E19-ECAACD38CE17}"
EndProject
Project("{FAE04EC0-301F-11D3-BF4B-00C04F79EFBC}") = "Homunculy.ServiceDefaults", "aspire\Homunculy.ServiceDefaults\Homunculy.ServiceDefaults.csproj", "{2D829D0A-E069-4683-9A92-AB1DABBF39AD}"
EndProject
Project("{FAE04EC0-301F-11D3-BF4B-00C04F79EFBC}") = "ChatClient.Presentation.Maui", "chat-client\src\ChatClient.Presentation.Maui\ChatClient.Presentation.Maui.csproj", "{63795157-CA8D-4BF2-990A-9F3B4561431E}"
EndProject
Project("{FAE04EC0-301F-11D3-BF4B-00C04F79EFBC}") = "ChatClient.MauiServiceDefaults", "chat-client\src\ChatClient.MauiServiceDefaults\ChatClient.MauiServiceDefaults.csproj", "{F1B76AF2-B3F7-462F-9A15-D0893DDE4042}"
EndProject
Project("{2150E333-8FDC-42A3-9474-1A3956D46DE8}") = "tests", "tests", "{9672BF4F-A3A6-4A7E-07CE-89F5C9FAE215}"
EndProject
Project("{FAE04EC0-301F-11D3-BF4B-00C04F79EFBC}") = "ChatClient.Presentation.Web.Tests", "chat-client\tests\ChatClient.Presentation.Web.Tests\ChatClient.Presentation.Web.Tests.csproj", "{0D0B236D-CF69-4FE6-91E2-41E26C175CA3}"
EndProject
Global
	GlobalSection(SolutionConfigurationPlatforms) = preSolution
		Debug|Any CPU = Debug|Any CPU
		Debug|x64 = Debug|x64
		Debug|x86 = Debug|x86
		Release|Any CPU = Release|Any CPU
		Release|x64 = Release|x64
		Release|x86 = Release|x86
	EndGlobalSection
	GlobalSection(ProjectConfigurationPlatforms) = postSolution
		{F8A2F488-9AFA-4874-9D37-86E8DDFE49A2}.Debug|Any CPU.ActiveCfg = Debug|Any CPU
		{F8A2F488-9AFA-4874-9D37-86E8DDFE49A2}.Debug|Any CPU.Build.0 = Debug|Any CPU
		{F8A2F488-9AFA-4874-9D37-86E8DDFE49A2}.Debug|x64.ActiveCfg = Debug|Any CPU
		{F8A2F488-9AFA-4874-9D37-86E8DDFE49A2}.Debug|x64.Build.0 = Debug|Any CPU
		{F8A2F488-9AFA-4874-9D37-86E8DDFE49A2}.Debug|x86.ActiveCfg = Debug|Any CPU
		{F8A2F488-9AFA-4874-9D37-86E8DDFE49A2}.Debug|x86.Build.0 = Debug|Any CPU
		{F8A2F488-9AFA-4874-9D37-86E8DDFE49A2}.Release|Any CPU.ActiveCfg = Release|Any CPU
		{F8A2F488-9AFA-4874-9D37-86E8DDFE49A2}.Release|Any CPU.Build.0 = Release|Any CPU
		{F8A2F488-9AFA-4874-9D37-86E8DDFE49A2}.Release|x64.ActiveCfg = Release|Any CPU
		{F8A2F488-9AFA-4874-9D37-86E8DDFE49A2}.Release|x64.Build.0 = Release|Any CPU
		{F8A2F488-9AFA-4874-9D37-86E8DDFE49A2}.Release|x86.ActiveCfg = Release|Any CPU
		{F8A2F488-9AFA-4874-9D37-86E8DDFE49A2}.Release|x86.Build.0 = Release|Any CPU
		{6496A562-9ECD-4C97-82A7-4A629F3B5DFC}.Debug|Any CPU.ActiveCfg = Debug|Any CPU
		{6496A562-9ECD-4C97-82A7-4A629F3B5DFC}.Debug|Any CPU.Build.0 = Debug|Any CPU
		{6496A562-9ECD-4C97-82A7-4A629F3B5DFC}.Debug|x64.ActiveCfg = Debug|Any CPU
		{6496A562-9ECD-4C97-82A7-4A629F3B5DFC}.Debug|x64.Build.0 = Debug|Any CPU
		{6496A562-9ECD-4C97-82A7-4A629F3B5DFC}.Debug|x86.ActiveCfg = Debug|Any CPU
		{6496A562-9ECD-4C97-82A7-4A629F3B5DFC}.Debug|x86.Build.0 = Debug|Any CPU
		{6496A562-9ECD-4C97-82A7-4A629F3B5DFC}.Release|Any CPU.ActiveCfg = Release|Any CPU
		{6496A562-9ECD-4C97-82A7-4A629F3B5DFC}.Release|Any CPU.Build.0 = Release|Any CPU
		{6496A562-9ECD-4C97-82A7-4A629F3B5DFC}.Release|x64.ActiveCfg = Release|Any CPU
		{6496A562-9ECD-4C97-82A7-4A629F3B5DFC}.Release|x64.Build.0 = Release|Any CPU
		{6496A562-9ECD-4C97-82A7-4A629F3B5DFC}.Release|x86.ActiveCfg = Release|Any CPU
		{6496A562-9ECD-4C97-82A7-4A629F3B5DFC}.Release|x86.Build.0 = Release|Any CPU
		{3F6EEAB3-724F-46C9-B1BE-D67633D8AEAF}.Debug|Any CPU.ActiveCfg = Debug|Any CPU
		{3F6EEAB3-724F-46C9-B1BE-D67633D8AEAF}.Debug|Any CPU.Build.0 = Debug|Any CPU
		{3F6EEAB3-724F-46C9-B1BE-D67633D8AEAF}.Debug|x64.ActiveCfg = Debug|Any CPU
		{3F6EEAB3-724F-46C9-B1BE-D67633D8AEAF}.Debug|x64.Build.0 = Debug|Any CPU
		{3F6EEAB3-724F-46C9-B1BE-D67633D8AEAF}.Debug|x86.ActiveCfg = Debug|Any CPU
		{3F6EEAB3-724F-46C9-B1BE-D67633D8AEAF}.Debug|x86.Build.0 = Debug|Any CPU
		{3F6EEAB3-724F-46C9-B1BE-D67633D8AEAF}.Release|Any CPU.ActiveCfg = Release|Any CPU
		{3F6EEAB3-724F-46C9-B1BE-D67633D8AEAF}.Release|Any CPU.Build.0 = Release|Any CPU
		{3F6EEAB3-724F-46C9-B1BE-D67633D8AEAF}.Release|x64.ActiveCfg = Release|Any CPU
		{3F6EEAB3-724F-46C9-B1BE-D67633D8AEAF}.Release|x64.Build.0 = Release|Any CPU
		{3F6EEAB3-724F-46C9-B1BE-D67633D8AEAF}.Release|x86.ActiveCfg = Release|Any CPU
		{3F6EEAB3-724F-46C9-B1BE-D67633D8AEAF}.Release|x86.Build.0 = Release|Any CPU
		{00E9A8CE-F699-4556-AE54-1C8AEC905A39}.Debug|Any CPU.ActiveCfg = Debug|Any CPU
		{00E9A8CE-F699-4556-AE54-1C8AEC905A39}.Debug|Any CPU.Build.0 = Debug|Any CPU
		{00E9A8CE-F699-4556-AE54-1C8AEC905A39}.Debug|x64.ActiveCfg = Debug|Any CPU
		{00E9A8CE-F699-4556-AE54-1C8AEC905A39}.Debug|x64.Build.0 = Debug|Any CPU
		{00E9A8CE-F699-4556-AE54-1C8AEC905A39}.Debug|x86.ActiveCfg = Debug|Any CPU
		{00E9A8CE-F699-4556-AE54-1C8AEC905A39}.Debug|x86.Build.0 = Debug|Any CPU
		{00E9A8CE-F699-4556-AE54-1C8AEC905A39}.Release|Any CPU.ActiveCfg = Release|Any CPU
		{00E9A8CE-F699-4556-AE54-1C8AEC905A39}.Release|Any CPU.Build.0 = Release|Any CPU
		{00E9A8CE-F699-4556-AE54-1C8AEC905A39}.Release|x64.ActiveCfg = Release|Any CPU
		{00E9A8CE-F699-4556-AE54-1C8AEC905A39}.Release|x64.Build.0 = Release|Any CPU
		{00E9A8CE-F699-4556-AE54-1C8AEC905A39}.Release|x86.ActiveCfg = Release|Any CPU
		{00E9A8CE-F699-4556-AE54-1C8AEC905A39}.Release|x86.Build.0 = Release|Any CPU
		{CEC5C33F-74BC-45B0-B7F4-7551B8EC926C}.Debug|Any CPU.ActiveCfg = Debug|Any CPU
		{CEC5C33F-74BC-45B0-B7F4-7551B8EC926C}.Debug|Any CPU.Build.0 = Debug|Any CPU
		{CEC5C33F-74BC-45B0-B7F4-7551B8EC926C}.Debug|x64.ActiveCfg = Debug|Any CPU
		{CEC5C33F-74BC-45B0-B7F4-7551B8EC926C}.Debug|x64.Build.0 = Debug|Any CPU
		{CEC5C33F-74BC-45B0-B7F4-7551B8EC926C}.Debug|x86.ActiveCfg = Debug|Any CPU
		{CEC5C33F-74BC-45B0-B7F4-7551B8EC926C}.Debug|x86.Build.0 = Debug|Any CPU
		{CEC5C33F-74BC-45B0-B7F4-7551B8EC926C}.Release|Any CPU.ActiveCfg = Release|Any CPU
		{CEC5C33F-74BC-45B0-B7F4-7551B8EC926C}.Release|Any CPU.Build.0 = Release|Any CPU
		{CEC5C33F-74BC-45B0-B7F4-7551B8EC926C}.Release|x64.ActiveCfg = Release|Any CPU
		{CEC5C33F-74BC-45B0-B7F4-7551B8EC926C}.Release|x64.Build.0 = Release|Any CPU
		{CEC5C33F-74BC-45B0-B7F4-7551B8EC926C}.Release|x86.ActiveCfg = Release|Any CPU
		{CEC5C33F-74BC-45B0-B7F4-7551B8EC926C}.Release|x86.Build.0 = Release|Any CPU
		{8889A2AB-2ECD-4611-9E19-ECAACD38CE17}.Debug|Any CPU.ActiveCfg = Debug|Any CPU
		{8889A2AB-2ECD-4611-9E19-ECAACD38CE17}.Debug|Any CPU.Build.0 = Debug|Any CPU
		{8889A2AB-2ECD-4611-9E19-ECAACD38CE17}.Debug|x64.ActiveCfg = Debug|Any CPU
		{8889A2AB-2ECD-4611-9E19-ECAACD38CE17}.Debug|x64.Build.0 = Debug|Any CPU
		{8889A2AB-2ECD-4611-9E19-ECAACD38CE17}.Debug|x86.ActiveCfg = Debug|Any CPU
		{8889A2AB-2ECD-4611-9E19-ECAACD38CE17}.Debug|x86.Build.0 = Debug|Any CPU
		{8889A2AB-2ECD-4611-9E19-ECAACD38CE17}.Release|Any CPU.ActiveCfg = Release|Any CPU
		{8889A2AB-2ECD-4611-9E19-ECAACD38CE17}.Release|Any CPU.Build.0 = Release|Any CPU
		{8889A2AB-2ECD-4611-9E19-ECAACD38CE17}.Release|x64.ActiveCfg = Release|Any CPU
		{8889A2AB-2ECD-4611-9E19-ECAACD38CE17}.Release|x64.Build.0 = Release|Any CPU
		{8889A2AB-2ECD-4611-9E19-ECAACD38CE17}.Release|x86.ActiveCfg = Release|Any CPU
		{8889A2AB-2ECD-4611-9E19-ECAACD38CE17}.Release|x86.Build.0 = Release|Any CPU
		{2D829D0A-E069-4683-9A92-AB1DABBF39AD}.Debug|Any CPU.ActiveCfg = Debug|Any CPU
		{2D829D0A-E069-4683-9A92-AB1DABBF39AD}.Debug|Any CPU.Build.0 = Debug|Any CPU
		{2D829D0A-E069-4683-9A92-AB1DABBF39AD}.Debug|x64.ActiveCfg = Debug|Any CPU
		{2D829D0A-E069-4683-9A92-AB1DABBF39AD}.Debug|x64.Build.0 = Debug|Any CPU
		{2D829D0A-E069-4683-9A92-AB1DABBF39AD}.Debug|x86.ActiveCfg = Debug|Any CPU
		{2D829D0A-E069-4683-9A92-AB1DABBF39AD}.Debug|x86.Build.0 = Debug|Any CPU
		{2D829D0A-E069-4683-9A92-AB1DABBF39AD}.Release|Any CPU.ActiveCfg = Release|Any CPU
		{2D829D0A-E069-4683-9A92-AB1DABBF39AD}.Release|Any CPU.Build.0 = Release|Any CPU
		{2D829D0A-E069-4683-9A92-AB1DABBF39AD}.Release|x64.ActiveCfg = Release|Any CPU
		{2D829D0A-E069-4683-9A92-AB1DABBF39AD}.Release|x64.Build.0 = Release|Any CPU
		{2D829D0A-E069-4683-9A92-AB1DABBF39AD}.Release|x86.ActiveCfg = Release|Any CPU
		{2D829D0A-E069-4683-9A92-AB1DABBF39AD}.Release|x86.Build.0 = Release|Any CPU
		{63795157-CA8D-4BF2-990A-9F3B4561431E}.Debug|Any CPU.ActiveCfg = Debug|Any CPU
		{63795157-CA8D-4BF2-990A-9F3B4561431E}.Debug|Any CPU.Build.0 = Debug|Any CPU
		{63795157-CA8D-4BF2-990A-9F3B4561431E}.Debug|x64.ActiveCfg = Debug|Any CPU
		{63795157-CA8D-4BF2-990A-9F3B4561431E}.Debug|x64.Build.0 = Debug|Any CPU
		{63795157-CA8D-4BF2-990A-9F3B4561431E}.Debug|x86.ActiveCfg = Debug|Any CPU
		{63795157-CA8D-4BF2-990A-9F3B4561431E}.Debug|x86.Build.0 = Debug|Any CPU
		{63795157-CA8D-4BF2-990A-9F3B4561431E}.Release|Any CPU.ActiveCfg = Release|Any CPU
		{63795157-CA8D-4BF2-990A-9F3B4561431E}.Release|Any CPU.Build.0 = Release|Any CPU
		{63795157-CA8D-4BF2-990A-9F3B4561431E}.Release|x64.ActiveCfg = Release|Any CPU
		{63795157-CA8D-4BF2-990A-9F3B4561431E}.Release|x64.Build.0 = Release|Any CPU
		{63795157-CA8D-4BF2-990A-9F3B4561431E}.Release|x86.ActiveCfg = Release|Any CPU
		{63795157-CA8D-4BF2-990A-9F3B4561431E}.Release|x86.Build.0 = Release|Any CPU
		{F1B76AF2-B3F7-462F-9A15-D0893DDE4042}.Debug|Any CPU.ActiveCfg = Debug|Any CPU
		{F1B76AF2-B3F7-462F-9A15-D0893DDE4042}.Debug|Any CPU.Build.0 = Debug|Any CPU
		{F1B76AF2-B3F7-462F-9A15-D0893DDE4042}.Debug|x64.ActiveCfg = Debug|Any CPU
		{F1B76AF2-B3F7-462F-9A15-D0893DDE4042}.Debug|x64.Build.0 = Debug|Any CPU
		{F1B76AF2-B3F7-462F-9A15-D0893DDE4042}.Debug|x86.ActiveCfg = Debug|Any CPU
		{F1B76AF2-B3F7-462F-9A15-D0893DDE4042}.Debug|x86.Build.0 = Debug|Any CPU
		{F1B76AF2-B3F7-462F-9A15-D0893DDE4042}.Release|Any CPU.ActiveCfg = Release|Any CPU
		{F1B76AF2-B3F7-462F-9A15-D0893DDE4042}.Release|Any CPU.Build.0 = Release|Any CPU
		{F1B76AF2-B3F7-462F-9A15-D0893DDE4042}.Release|x64.ActiveCfg = Release|Any CPU
		{F1B76AF2-B3F7-462F-9A15-D0893DDE4042}.Release|x64.Build.0 = Release|Any CPU
		{F1B76AF2-B3F7-462F-9A15-D0893DDE4042}.Release|x86.ActiveCfg = Release|Any CPU
		{F1B76AF2-B3F7-462F-9A15-D0893DDE4042}.Release|x86.Build.0 = Release|Any CPU
		{0D0B236D-CF69-4FE6-91E2-41E26C175CA3}.Debug|Any CPU.ActiveCfg = Debug|Any CPU
		{0D0B236D-CF69-4FE6-91E2-41E26C175CA3}.Debug|Any CPU.Build.0 = Debug|Any CPU
		{0D0B236D-CF69-4FE6-91E2-41E26C175CA3}.Debug|x64.ActiveCfg = Debug|Any CPU
		{0D0B236D-CF69-4FE6-91E2-41E26C175CA3}.Debug|x64.Build.0 = Debug|Any CPU
		{0D0B236D-CF69-4FE6-91E2-41E26C175CA3}.Debug|x86.ActiveCfg = Debug|Any CPU
		{0D0B236D-CF69-4FE6-91E2-41E26C175CA3}.Debug|x86.Build.0 = Debug|Any CPU
		{0D0B236D-CF69-4FE6-91E2-41E26C175CA3}.Release|Any CPU.ActiveCfg = Release|Any CPU
		{0D0B236D-CF69-4FE6-91E2-41E26C175CA3}.Release|Any CPU.Build.0 = Release|Any CPU
		{0D0B236D-CF69-4FE6-91E2-41E26C175CA3}.Release|x64.ActiveCfg = Release|Any CPU
		{0D0B236D-CF69-4FE6-91E2-41E26C175CA3}.Release|x64.Build.0 = Release|Any CPU
		{0D0B236D-CF69-4FE6-91E2-41E26C175CA3}.Release|x86.ActiveCfg = Release|Any CPU
		{0D0B236D-CF69-4FE6-91E2-41E26C175CA3}.Release|x86.Build.0 = Release|Any CPU
	EndGlobalSection
	GlobalSection(SolutionProperties) = preSolution
		HideSolutionNode = FALSE
	EndGlobalSection
	GlobalSection(NestedProjects) = preSolution
		{F8A2F488-9AFA-4874-9D37-86E8DDFE49A2} = {64880D93-BAB4-FF83-898C-B934B68C31A9}
		{D8E1E13B-C60D-9639-5FA4-4B309E7CAA45} = {0DCBDF00-49A9-67A7-1518-A43841E9A8D7}
		{6496A562-9ECD-4C97-82A7-4A629F3B5DFC} = {D8E1E13B-C60D-9639-5FA4-4B309E7CAA45}
		{3F6EEAB3-724F-46C9-B1BE-D67633D8AEAF} = {D8E1E13B-C60D-9639-5FA4-4B309E7CAA45}
		{00E9A8CE-F699-4556-AE54-1C8AEC905A39} = {D8E1E13B-C60D-9639-5FA4-4B309E7CAA45}
		{CEC5C33F-74BC-45B0-B7F4-7551B8EC926C} = {D8E1E13B-C60D-9639-5FA4-4B309E7CAA45}
		{8889A2AB-2ECD-4611-9E19-ECAACD38CE17} = {D8E1E13B-C60D-9639-5FA4-4B309E7CAA45}
		{2D829D0A-E069-4683-9A92-AB1DABBF39AD} = {64880D93-BAB4-FF83-898C-B934B68C31A9}
		{63795157-CA8D-4BF2-990A-9F3B4561431E} = {D8E1E13B-C60D-9639-5FA4-4B309E7CAA45}
		{F1B76AF2-B3F7-462F-9A15-D0893DDE4042} = {D8E1E13B-C60D-9639-5FA4-4B309E7CAA45}
		{9672BF4F-A3A6-4A7E-07CE-89F5C9FAE215} = {0DCBDF00-49A9-67A7-1518-A43841E9A8D7}
		{0D0B236D-CF69-4FE6-91E2-41E26C175CA3} = {9672BF4F-A3A6-4A7E-07CE-89F5C9FAE215}
	EndGlobalSection
EndGlobal
